
Microsoft Visual Studio Solution File, Format Version 12.00
# Visual Studio Version 16
VisualStudioVersion = 16.0.29926.136
MinimumVisualStudioVersion = 10.0.40219.1
Project("{FAE04EC0-301F-11D3-BF4B-00C04F79EFBC}") = "Goods", "Goods\Goods.csproj", "{782F3F04-F532-4181-A4F2-745160BCDF6D}"
EndProject
Global
	GlobalSection(SolutionConfigurationPlatforms) = preSolution
		Debug|Any CPU = Debug|Any CPU
		Release|Any CPU = Release|Any CPU
	EndGlobalSection
	GlobalSection(ProjectConfigurationPlatforms) = postSolution
		{782F3F04-F532-4181-A4F2-745160BCDF6D}.Debug|Any CPU.ActiveCfg = Debug|Any CPU
		{782F3F04-F532-4181-A4F2-745160BCDF6D}.Debug|Any CPU.Build.0 = Debug|Any CPU
		{782F3F04-F532-4181-A4F2-745160BCDF6D}.Release|Any CPU.ActiveCfg = Release|Any CPU
		{782F3F04-F532-4181-A4F2-745160BCDF6D}.Release|Any CPU.Build.0 = Release|Any CPU
	EndGlobalSection
	GlobalSection(SolutionProperties) = preSolution
		HideSolutionNode = FALSE
	EndGlobalSection
	GlobalSection(ExtensibilityGlobals) = postSolution
		SolutionGuid = {DF8B8728-97B6-45CA-B19F-F385AED22992}
	EndGlobalSection
EndGlobal
